
Microsoft Visual Studio Solution File, Format Version 12.00
# Visual Studio Version 16
VisualStudioVersion = 16.0.32602.291
MinimumVisualStudioVersion = 10.0.40219.1
Project("{9A19103F-16F7-4668-BE54-9A1E7A4F7556}") = "TestApplication", "TestApplication\TestApplication.csproj", "{093D95A6-D3DB-4A7A-B14D-9867CE8CE821}"
EndProject
Project("{2150E333-8FDC-42A3-9474-1A3956D46DE8}") = "Model", "Model", "{5ACFB2F6-6FCC-426B-8F83-F9832552E8A6}"
EndProject
Project("{9A19103F-16F7-4668-BE54-9A1E7A4F7556}") = "Model.DL", "Model.DL\Model.DL.csproj", "{55D1ED11-DC9F-427E-A549-80081D299ED7}"
EndProject
Project("{2150E333-8FDC-42A3-9474-1A3956D46DE8}") = "Data", "Data", "{191B01BA-BE99-4B71-8C86-6610703F13EA}"
EndProject
Project("{9A19103F-16F7-4668-BE54-9A1E7A4F7556}") = "DL", "DL\DL.csproj", "{11D8F93A-4C4E-4F0D-A91F-7B01AC3A6F4E}"
EndProject
Project("{2150E333-8FDC-42A3-9474-1A3956D46DE8}") = "Services", "Services", "{E26E9167-5C31-4FDB-A3C0-97A1E68BB058}"
EndProject
Project("{9A19103F-16F7-4668-BE54-9A1E7A4F7556}") = "Services", "Services\Services.csproj", "{E33E699B-6A67-4676-AD2B-CA0491DEAAE8}"
EndProject
Project("{9A19103F-16F7-4668-BE54-9A1E7A4F7556}") = "Models.Dto", "Models.Api\Models.Dto.csproj", "{BA76C1F4-AC34-4848-BC64-AB6F2E967BE1}"
EndProject
Project("{2150E333-8FDC-42A3-9474-1A3956D46DE8}") = "Managers", "Managers", "{E2E5D042-207E-405B-B102-2D57316C4906}"
EndProject
Project("{9A19103F-16F7-4668-BE54-9A1E7A4F7556}") = "MapperProvider", "MapperProvider\MapperProvider.csproj", "{5CA0A00E-F67D-4050-9782-E7F18AC9151A}"
EndProject
Project("{9A19103F-16F7-4668-BE54-9A1E7A4F7556}") = "ServiceContracts", "ServiceContracts\ServiceContracts.csproj", "{E4663FFE-7A6C-4315-ACC9-CC5775C61C52}"
EndProject
Project("{9A19103F-16F7-4668-BE54-9A1E7A4F7556}") = "AuthorizationJwt", "Authorization\AuthorizationJwt.csproj", "{00978CAD-8A96-455E-A33B-7A7F6295B68F}"
EndProject
Project("{9A19103F-16F7-4668-BE54-9A1E7A4F7556}") = "PasswordManagers", "PasswordManager\PasswordManagers.csproj", "{D57D1402-3ECD-43D7-A70A-AB7928D9F2EF}"
EndProject
Global
	GlobalSection(SolutionConfigurationPlatforms) = preSolution
		Debug|Any CPU = Debug|Any CPU
		Release|Any CPU = Release|Any CPU
	EndGlobalSection
	GlobalSection(ProjectConfigurationPlatforms) = postSolution
		{093D95A6-D3DB-4A7A-B14D-9867CE8CE821}.Debug|Any CPU.ActiveCfg = Debug|Any CPU
		{093D95A6-D3DB-4A7A-B14D-9867CE8CE821}.Debug|Any CPU.Build.0 = Debug|Any CPU
		{093D95A6-D3DB-4A7A-B14D-9867CE8CE821}.Release|Any CPU.ActiveCfg = Release|Any CPU
		{093D95A6-D3DB-4A7A-B14D-9867CE8CE821}.Release|Any CPU.Build.0 = Release|Any CPU
		{55D1ED11-DC9F-427E-A549-80081D299ED7}.Debug|Any CPU.ActiveCfg = Debug|Any CPU
		{55D1ED11-DC9F-427E-A549-80081D299ED7}.Debug|Any CPU.Build.0 = Debug|Any CPU
		{55D1ED11-DC9F-427E-A549-80081D299ED7}.Release|Any CPU.ActiveCfg = Release|Any CPU
		{55D1ED11-DC9F-427E-A549-80081D299ED7}.Release|Any CPU.Build.0 = Release|Any CPU
		{11D8F93A-4C4E-4F0D-A91F-7B01AC3A6F4E}.Debug|Any CPU.ActiveCfg = Debug|Any CPU
		{11D8F93A-4C4E-4F0D-A91F-7B01AC3A6F4E}.Debug|Any CPU.Build.0 = Debug|Any CPU
		{11D8F93A-4C4E-4F0D-A91F-7B01AC3A6F4E}.Release|Any CPU.ActiveCfg = Release|Any CPU
		{11D8F93A-4C4E-4F0D-A91F-7B01AC3A6F4E}.Release|Any CPU.Build.0 = Release|Any CPU
		{E33E699B-6A67-4676-AD2B-CA0491DEAAE8}.Debug|Any CPU.ActiveCfg = Debug|Any CPU
		{E33E699B-6A67-4676-AD2B-CA0491DEAAE8}.Debug|Any CPU.Build.0 = Debug|Any CPU
		{E33E699B-6A67-4676-AD2B-CA0491DEAAE8}.Release|Any CPU.ActiveCfg = Release|Any CPU
		{E33E699B-6A67-4676-AD2B-CA0491DEAAE8}.Release|Any CPU.Build.0 = Release|Any CPU
		{BA76C1F4-AC34-4848-BC64-AB6F2E967BE1}.Debug|Any CPU.ActiveCfg = Debug|Any CPU
		{BA76C1F4-AC34-4848-BC64-AB6F2E967BE1}.Debug|Any CPU.Build.0 = Debug|Any CPU
		{BA76C1F4-AC34-4848-BC64-AB6F2E967BE1}.Release|Any CPU.ActiveCfg = Release|Any CPU
		{BA76C1F4-AC34-4848-BC64-AB6F2E967BE1}.Release|Any CPU.Build.0 = Release|Any CPU
		{5CA0A00E-F67D-4050-9782-E7F18AC9151A}.Debug|Any CPU.ActiveCfg = Debug|Any CPU
		{5CA0A00E-F67D-4050-9782-E7F18AC9151A}.Debug|Any CPU.Build.0 = Debug|Any CPU
		{5CA0A00E-F67D-4050-9782-E7F18AC9151A}.Release|Any CPU.ActiveCfg = Release|Any CPU
		{5CA0A00E-F67D-4050-9782-E7F18AC9151A}.Release|Any CPU.Build.0 = Release|Any CPU
		{E4663FFE-7A6C-4315-ACC9-CC5775C61C52}.Debug|Any CPU.ActiveCfg = Debug|Any CPU
		{E4663FFE-7A6C-4315-ACC9-CC5775C61C52}.Debug|Any CPU.Build.0 = Debug|Any CPU
		{E4663FFE-7A6C-4315-ACC9-CC5775C61C52}.Release|Any CPU.ActiveCfg = Release|Any CPU
		{E4663FFE-7A6C-4315-ACC9-CC5775C61C52}.Release|Any CPU.Build.0 = Release|Any CPU
		{00978CAD-8A96-455E-A33B-7A7F6295B68F}.Debug|Any CPU.ActiveCfg = Debug|Any CPU
		{00978CAD-8A96-455E-A33B-7A7F6295B68F}.Debug|Any CPU.Build.0 = Debug|Any CPU
		{00978CAD-8A96-455E-A33B-7A7F6295B68F}.Release|Any CPU.ActiveCfg = Release|Any CPU
		{00978CAD-8A96-455E-A33B-7A7F6295B68F}.Release|Any CPU.Build.0 = Release|Any CPU
		{D57D1402-3ECD-43D7-A70A-AB7928D9F2EF}.Debug|Any CPU.ActiveCfg = Debug|Any CPU
		{D57D1402-3ECD-43D7-A70A-AB7928D9F2EF}.Debug|Any CPU.Build.0 = Debug|Any CPU
		{D57D1402-3ECD-43D7-A70A-AB7928D9F2EF}.Release|Any CPU.ActiveCfg = Release|Any CPU
		{D57D1402-3ECD-43D7-A70A-AB7928D9F2EF}.Release|Any CPU.Build.0 = Release|Any CPU
	EndGlobalSection
	GlobalSection(SolutionProperties) = preSolution
		HideSolutionNode = FALSE
	EndGlobalSection
	GlobalSection(NestedProjects) = preSolution
		{55D1ED11-DC9F-427E-A549-80081D299ED7} = {5ACFB2F6-6FCC-426B-8F83-F9832552E8A6}
		{11D8F93A-4C4E-4F0D-A91F-7B01AC3A6F4E} = {191B01BA-BE99-4B71-8C86-6610703F13EA}
		{E33E699B-6A67-4676-AD2B-CA0491DEAAE8} = {E26E9167-5C31-4FDB-A3C0-97A1E68BB058}
		{BA76C1F4-AC34-4848-BC64-AB6F2E967BE1} = {5ACFB2F6-6FCC-426B-8F83-F9832552E8A6}
		{5CA0A00E-F67D-4050-9782-E7F18AC9151A} = {E2E5D042-207E-405B-B102-2D57316C4906}
		{E4663FFE-7A6C-4315-ACC9-CC5775C61C52} = {E26E9167-5C31-4FDB-A3C0-97A1E68BB058}
		{00978CAD-8A96-455E-A33B-7A7F6295B68F} = {E2E5D042-207E-405B-B102-2D57316C4906}
		{D57D1402-3ECD-43D7-A70A-AB7928D9F2EF} = {E2E5D042-207E-405B-B102-2D57316C4906}
	EndGlobalSection
	GlobalSection(ExtensibilityGlobals) = postSolution
		SolutionGuid = {BFA4F191-3507-4CE3-B11A-EDBD25305C6E}
	EndGlobalSection
EndGlobal
